
Microsoft Visual Studio Solution File, Format Version 12.00
# Visual Studio Version 17
VisualStudioVersion = 17.3.32901.215
MinimumVisualStudioVersion = 10.0.40219.1
Project("{2150E333-8FDC-42A3-9474-1A3956D46DE8}") = "Adapters", "Adapters", "{D8E00203-3F48-4987-806B-E259B7CD626C}"
EndProject
Project("{9A19103F-16F7-4668-BE54-9A1E7A4F7556}") = "AdapterSQL", "AdapterSQL\AdapterSQL.csproj", "{96858BF2-5603-493A-A80B-3CCBF3BE2A5E}"
EndProject
Project("{9A19103F-16F7-4668-BE54-9A1E7A4F7556}") = "AdapterOTLP", "AdapterOTLP\AdapterOTLP.csproj", "{2FF3ACEA-B057-46DB-B6D9-2A577FBCF68B}"
EndProject
Global
	GlobalSection(SolutionConfigurationPlatforms) = preSolution
		Debug|Any CPU = Debug|Any CPU
		Release|Any CPU = Release|Any CPU
	EndGlobalSection
	GlobalSection(ProjectConfigurationPlatforms) = postSolution
		{96858BF2-5603-493A-A80B-3CCBF3BE2A5E}.Debug|Any CPU.ActiveCfg = Debug|Any CPU
		{96858BF2-5603-493A-A80B-3CCBF3BE2A5E}.Debug|Any CPU.Build.0 = Debug|Any CPU
		{96858BF2-5603-493A-A80B-3CCBF3BE2A5E}.Release|Any CPU.ActiveCfg = Release|Any CPU
		{96858BF2-5603-493A-A80B-3CCBF3BE2A5E}.Release|Any CPU.Build.0 = Release|Any CPU
		{2FF3ACEA-B057-46DB-B6D9-2A577FBCF68B}.Debug|Any CPU.ActiveCfg = Debug|Any CPU
		{2FF3ACEA-B057-46DB-B6D9-2A577FBCF68B}.Debug|Any CPU.Build.0 = Debug|Any CPU
		{2FF3ACEA-B057-46DB-B6D9-2A577FBCF68B}.Release|Any CPU.ActiveCfg = Release|Any CPU
		{2FF3ACEA-B057-46DB-B6D9-2A577FBCF68B}.Release|Any CPU.Build.0 = Release|Any CPU
	EndGlobalSection
	GlobalSection(SolutionProperties) = preSolution
		HideSolutionNode = FALSE
	EndGlobalSection
	GlobalSection(NestedProjects) = preSolution
		{96858BF2-5603-493A-A80B-3CCBF3BE2A5E} = {D8E00203-3F48-4987-806B-E259B7CD626C}
		{2FF3ACEA-B057-46DB-B6D9-2A577FBCF68B} = {D8E00203-3F48-4987-806B-E259B7CD626C}
	EndGlobalSection
	GlobalSection(ExtensibilityGlobals) = postSolution
		SolutionGuid = {668CCDF0-75F4-4ED6-823D-5565B24781D0}
	EndGlobalSection
EndGlobal
